
Microsoft Visual Studio Solution File, Format Version 12.00
Project("{FAE04EC0-301F-11D3-BF4B-00C04F79EFBC}") = "WebApp", "WebApp\WebApp.csproj", "{23EB4392-D9A0-45E3-A83C-280055AAC9EE}"
EndProject
Project("{FAE04EC0-301F-11D3-BF4B-00C04F79EFBC}") = "SQL", "SQL\SQL.csproj", "{997A8001-B58C-4F1C-8D49-71A43468C56D}"
EndProject
Global
	GlobalSection(SolutionConfigurationPlatforms) = preSolution
		Debug|Any CPU = Debug|Any CPU
		Release|Any CPU = Release|Any CPU
	EndGlobalSection
	GlobalSection(ProjectConfigurationPlatforms) = postSolution
		{23EB4392-D9A0-45E3-A83C-280055AAC9EE}.Debug|Any CPU.ActiveCfg = Debug|Any CPU
		{23EB4392-D9A0-45E3-A83C-280055AAC9EE}.Debug|Any CPU.Build.0 = Debug|Any CPU
		{23EB4392-D9A0-45E3-A83C-280055AAC9EE}.Release|Any CPU.ActiveCfg = Release|Any CPU
		{23EB4392-D9A0-45E3-A83C-280055AAC9EE}.Release|Any CPU.Build.0 = Release|Any CPU
		{997A8001-B58C-4F1C-8D49-71A43468C56D}.Debug|Any CPU.ActiveCfg = Debug|Any CPU
		{997A8001-B58C-4F1C-8D49-71A43468C56D}.Debug|Any CPU.Build.0 = Debug|Any CPU
		{997A8001-B58C-4F1C-8D49-71A43468C56D}.Release|Any CPU.ActiveCfg = Release|Any CPU
		{997A8001-B58C-4F1C-8D49-71A43468C56D}.Release|Any CPU.Build.0 = Release|Any CPU
	EndGlobalSection
EndGlobal
